<?xml version="1.0" encoding="utf-8"?>
<Project ToolsVersion="4.0" xmlns="http://schemas.microsoft.com/developer/msbuild/2003">
  <ItemGroup>
    <Filter Include="Engine Files">
      <UniqueIdentifier>{77d0a8ae-8e2e-415b-81d9-a581e6c4c8ee}</UniqueIdentifier>
    </Filter>
    <Filter Include="Engine Files\Header Files">
      <UniqueIdentifier>{93995380-89BD-4b04-88EB-625FBE52EBFB}</UniqueIdentifier>
      <Extensions>h;hh;hpp;hxx;hm;inl;inc;xsd</Extensions>
    </Filter>
    <Filter Include="Engine Files\Commands">
      <UniqueIdentifier>{61fba704-1ee4-447e-a571-5fddadc6d1aa}</UniqueIdentifier>
    </Filter>
    <Filter Include="Engine Files\Components">
      <UniqueIdentifier>{59be2236-bd58-44da-bd15-5ddd393ce4bc}</UniqueIdentifier>
    </Filter>
    <Filter Include="Engine Files\Observers">
      <UniqueIdentifier>{0a2b3b4a-f4da-43fd-b1a6-7dda69248079}</UniqueIdentifier>
    </Filter>
    <Filter Include="Engine Files\Resource Files">
      <UniqueIdentifier>{67DA6AB6-F800-4c08-8B7A-83BB121AAD01}</UniqueIdentifier>
      <Extensions>rc;ico;cur;bmp;dlg;rc2;rct;bin;rgs;gif;jpg;jpeg;jpe;resx;tiff;tif;png;wav;mfcribbon-ms</Extensions>
    </Filter>
    <Filter Include="Engine Files\Source Files">
      <UniqueIdentifier>{4FC737F1-C7A5-4376-A066-2A32D752A2FF}</UniqueIdentifier>
      <Extensions>cpp;c;cc;cxx;def;odl;idl;hpj;bat;asm;asmx</Extensions>
    </Filter>
    <Filter Include="QBert Files">
      <UniqueIdentifier>{bb418df4-8aca-48ba-815f-8362e2466302}</UniqueIdentifier>
    </Filter>
    <Filter Include="QBert Files\Source Files">
      <UniqueIdentifier>{66265bf9-e649-40d1-b435-d2e8bbdc39b7}</UniqueIdentifier>
    </Filter>
    <Filter Include="QBert Files\Header FIles">
      <UniqueIdentifier>{0425ddb6-2f71-4fe9-a61d-e9ffa269e995}</UniqueIdentifier>
    </Filter>
  </ItemGroup>
  <ItemGroup>
    <ClInclude Include="MiniginPCH.h">
      <Filter>Engine Files\Header Files</Filter>
    </ClInclude>
    <ClInclude Include="Singleton.h">
      <Filter>Engine Files\Header Files</Filter>
    </ClInclude>
    <ClInclude Include="ResourceManager.h">
      <Filter>Engine Files\Header Files</Filter>
    </ClInclude>
    <ClInclude Include="Renderer.h">
      <Filter>Engine Files\Header Files</Filter>
    </ClInclude>
    <ClInclude Include="Texture2D.h">
      <Filter>Engine Files\Header Files</Filter>
    </ClInclude>
    <ClInclude Include="GameObject.h">
      <Filter>Engine Files\Header Files</Filter>
    </ClInclude>
    <ClInclude Include="Scene.h">
      <Filter>Engine Files\Header Files</Filter>
    </ClInclude>
    <ClInclude Include="SceneManager.h">
      <Filter>Engine Files\Header Files</Filter>
    </ClInclude>
    <ClInclude Include="SceneObject.h">
      <Filter>Engine Files\Header Files</Filter>
    </ClInclude>
    <ClInclude Include="Font.h">
      <Filter>Engine Files\Header Files</Filter>
    </ClInclude>
    <ClInclude Include="Minigin.h">
      <Filter>Engine Files\Header Files</Filter>
    </ClInclude>
    <ClInclude Include="TextComponent.h">
      <Filter>Engine Files\Components</Filter>
    </ClInclude>
    <ClInclude Include="TransformComponent.h">
      <Filter>Engine Files\Components</Filter>
    </ClInclude>
    <ClInclude Include="Component.h">
      <Filter>Engine Files\Components</Filter>
    </ClInclude>
    <ClInclude Include="RenderComponent.h">
      <Filter>Engine Files\Components</Filter>
    </ClInclude>
    <ClInclude Include="FPSComponent.h">
      <Filter>Engine Files\Components</Filter>
    </ClInclude>
    <ClInclude Include="Command.h">
      <Filter>Engine Files\Commands</Filter>
    </ClInclude>
    <ClInclude Include="HealthComponent.h">
      <Filter>Engine Files\Components</Filter>
    </ClInclude>
    <ClInclude Include="InputManager.h">
      <Filter>Engine Files\Header Files</Filter>
    </ClInclude>
    <ClInclude Include="Observer.h">
      <Filter>Engine Files\Observers</Filter>
    </ClInclude>
    <ClInclude Include="Subject.h">
      <Filter>Engine Files\Observers</Filter>
    </ClInclude>
    <ClInclude Include="ScoreComponent.h">
      <Filter>Engine Files\Components</Filter>
    </ClInclude>
    <ClInclude Include="ScoreObserver.h">
      <Filter>Engine Files\Observers</Filter>
    </ClInclude>
    <ClInclude Include="LivesObserver.h">
      <Filter>Engine Files\Observers</Filter>
    </ClInclude>
    <ClInclude Include="IncreasePointsCommand.h">
      <Filter>Engine Files\Commands</Filter>
    </ClInclude>
    <ClInclude Include="DieCommand.h">
      <Filter>Engine Files\Commands</Filter>
    </ClInclude>
    <ClInclude Include="TimerComponent.h">
      <Filter>Engine Files\Components</Filter>
    </ClInclude>
    <ClInclude Include="AudioClasses.h">
      <Filter>Engine Files\Header Files</Filter>
    </ClInclude>
    <ClInclude Include="PauseCommand.h">
      <Filter>Engine Files\Commands</Filter>
    </ClInclude>
    <ClInclude Include="EnemyManager.h">
      <Filter>Engine Files\Header Files</Filter>
    </ClInclude>
    <ClInclude Include="MapComponent.h">
      <Filter>Engine Files\Components</Filter>
    </ClInclude>
    <ClInclude Include="PlayerComponent.h">
      <Filter>Engine Files\Components</Filter>
    </ClInclude>
    <ClInclude Include="MoveCommand.h">
      <Filter>Engine Files\Commands</Filter>
    </ClInclude>
    <ClInclude Include="MoveComponent.h">
      <Filter>Engine Files\Components</Filter>
    </ClInclude>
    <ClInclude Include="Cube.h">
      <Filter>QBert Files\Header FIles</Filter>
    </ClInclude>
  </ItemGroup>
  <ItemGroup>
    <ClCompile Include="MiniginPCH.cpp">
      <Filter>Engine Files\Source Files</Filter>
    </ClCompile>
    <ClCompile Include="ResourceManager.cpp">
      <Filter>Engine Files\Source Files</Filter>
    </ClCompile>
    <ClCompile Include="Renderer.cpp">
      <Filter>Engine Files\Source Files</Filter>
    </ClCompile>
    <ClCompile Include="Texture2D.cpp">
      <Filter>Engine Files\Source Files</Filter>
    </ClCompile>
    <ClCompile Include="InputManager.cpp">
      <Filter>Engine Files\Source Files</Filter>
    </ClCompile>
    <ClCompile Include="GameObject.cpp">
      <Filter>Engine Files\Source Files</Filter>
    </ClCompile>
    <ClCompile Include="Scene.cpp">
      <Filter>Engine Files\Source Files</Filter>
    </ClCompile>
    <ClCompile Include="SceneManager.cpp">
      <Filter>Engine Files\Source Files</Filter>
    </ClCompile>
    <ClCompile Include="Font.cpp">
      <Filter>Engine Files\Source Files</Filter>
    </ClCompile>
    <ClCompile Include="Minigin.cpp">
      <Filter>Engine Files\Source Files</Filter>
    </ClCompile>
    <ClCompile Include="TextComponent.cpp">
      <Filter>Engine Files\Components</Filter>
    </ClCompile>
    <ClCompile Include="TransformComponent.cpp">
      <Filter>Engine Files\Components</Filter>
    </ClCompile>
    <ClCompile Include="RenderComponent.cpp">
      <Filter>Engine Files\Components</Filter>
    </ClCompile>
    <ClCompile Include="FPSComponent.cpp">
      <Filter>Engine Files\Components</Filter>
    </ClCompile>
    <ClCompile Include="HealthComponent.cpp">
      <Filter>Engine Files\Components</Filter>
    </ClCompile>
    <ClCompile Include="Subject.cpp">
      <Filter>Engine Files\Observers</Filter>
    </ClCompile>
    <ClCompile Include="ScoreComponent.cpp">
      <Filter>Engine Files\Components</Filter>
    </ClCompile>
    <ClCompile Include="ScoreObserver.cpp">
      <Filter>Engine Files\Observers</Filter>
    </ClCompile>
    <ClCompile Include="LivesObserver.cpp">
      <Filter>Engine Files\Observers</Filter>
    </ClCompile>
    <ClCompile Include="IncreasePointsCommand.cpp">
      <Filter>Engine Files\Commands</Filter>
    </ClCompile>
    <ClCompile Include="DieCommand.cpp">
      <Filter>Engine Files\Commands</Filter>
    </ClCompile>
    <ClCompile Include="TimerComponent.cpp">
      <Filter>Engine Files\Components</Filter>
    </ClCompile>
    <ClCompile Include="ServiceLocator.cpp">
      <Filter>Engine Files\Source Files</Filter>
    </ClCompile>
    <ClCompile Include="PauseCommand.cpp">
      <Filter>Engine Files\Commands</Filter>
    </ClCompile>
    <ClCompile Include="EnemyManager.cpp">
      <Filter>Engine Files\Source Files</Filter>
    </ClCompile>
    <ClCompile Include="Main.cpp">
      <Filter>Engine Files\Source Files</Filter>
    </ClCompile>
    <ClCompile Include="MapComponent.cpp">
      <Filter>Engine Files\Components</Filter>
    </ClCompile>
    <ClCompile Include="PlayerComponent.cpp">
      <Filter>Engine Files\Components</Filter>
    </ClCompile>
    <ClCompile Include="MoveCommand.cpp">
      <Filter>Engine Files\Commands</Filter>
    </ClCompile>
    <ClCompile Include="MoveComponent.cpp">
      <Filter>Engine Files\Components</Filter>
    </ClCompile>
    <ClCompile Include="Cube.cpp">
      <Filter>QBert Files\Source Files</Filter>
    </ClCompile>
  </ItemGroup>
</Project>